// !$*UTF8*$!
{
	archiveVersion = 1;
	classes = {
	};
	objectVersion = 46;
	objects = {

/* Begin PBXBuildFile section */
		506D6C7D1E879AA500C366BF /* FatSidebarItem.swift in Sources */ = {isa = PBXBuildFile; fileRef = 506D6C7C1E879AA500C366BF /* FatSidebarItem.swift */; };
		506D6C801E879F9C00C366BF /* Collection+SafeSubscript.swift in Sources */ = {isa = PBXBuildFile; fileRef = 506D6C7F1E879F9C00C366BF /* Collection+SafeSubscript.swift */; };
		506D6C821E87A03D00C366BF /* ItemRemovalTests.swift in Sources */ = {isa = PBXBuildFile; fileRef = 506D6C811E87A03D00C366BF /* ItemRemovalTests.swift */; };
		506D6C861E87BA1900C366BF /* Theme.swift in Sources */ = {isa = PBXBuildFile; fileRef = 506D6C851E87BA1900C366BF /* Theme.swift */; };
		506D6C881E87BF4F00C366BF /* ItemSelectionTests.swift in Sources */ = {isa = PBXBuildFile; fileRef = 506D6C871E87BF4F00C366BF /* ItemSelectionTests.swift */; };
		506D6C8A1E87C36400C366BF /* NSSize+Quadratic.swift in Sources */ = {isa = PBXBuildFile; fileRef = 506D6C891E87C36400C366BF /* NSSize+Quadratic.swift */; };
		506D6C8C1E87D64A00C366BF /* StatefulColor.swift in Sources */ = {isa = PBXBuildFile; fileRef = 506D6C8B1E87D64A00C366BF /* StatefulColor.swift */; };
		506D6C8E1E87D67400C366BF /* DefaultTheme.swift in Sources */ = {isa = PBXBuildFile; fileRef = 506D6C8D1E87D67400C366BF /* DefaultTheme.swift */; };
		506D6C941E88302500C366BF /* Borders.swift in Sources */ = {isa = PBXBuildFile; fileRef = 506D6C931E88302500C366BF /* Borders.swift */; };
		506D6C961E88332600C366BF /* NSTextField+Label.swift in Sources */ = {isa = PBXBuildFile; fileRef = 506D6C951E88332600C366BF /* NSTextField+Label.swift */; };
		506D6C9D1E8914B200C366BF /* heart.png in Resources */ = {isa = PBXBuildFile; fileRef = 506D6C991E8914B200C366BF /* heart.png */; };
		506D6C9E1E8914B200C366BF /* inbox.png in Resources */ = {isa = PBXBuildFile; fileRef = 506D6C9A1E8914B200C366BF /* inbox.png */; };
		506D6C9F1E8914B200C366BF /* layers.png in Resources */ = {isa = PBXBuildFile; fileRef = 506D6C9B1E8914B200C366BF /* layers.png */; };
		506D6CA01E8914B200C366BF /* lightbulb.png in Resources */ = {isa = PBXBuildFile; fileRef = 506D6C9C1E8914B200C366BF /* lightbulb.png */; };
		506D6CA41E8931F600C366BF /* Theme.swift in Sources */ = {isa = PBXBuildFile; fileRef = 506D6CA31E8931F600C366BF /* Theme.swift */; };
		506D6CA61E894F8400C366BF /* FatSidebar.swift in Sources */ = {isa = PBXBuildFile; fileRef = 506D6CA51E894F8400C366BF /* FatSidebar.swift */; };
		506D6CA81E8951E300C366BF /* NSView+ConstrainToSuperviewBounds.swift in Sources */ = {isa = PBXBuildFile; fileRef = 506D6CA71E8951E300C366BF /* NSView+ConstrainToSuperviewBounds.swift */; };
		507A3E8D1E9779CB00D0C3FD /* DraggingView.swift in Sources */ = {isa = PBXBuildFile; fileRef = 507A3E8C1E9779CB00D0C3FD /* DraggingView.swift */; };
		507A3E8F1E9779E600D0C3FD /* NSView+ImageRepresentation.swift in Sources */ = {isa = PBXBuildFile; fileRef = 507A3E8E1E9779E600D0C3FD /* NSView+ImageRepresentation.swift */; };
		507A3E911E9779FB00D0C3FD /* Array+Move.swift in Sources */ = {isa = PBXBuildFile; fileRef = 507A3E901E9779FB00D0C3FD /* Array+Move.swift */; };
		507A3E931E977A0F00D0C3FD /* DragViewContainer.swift in Sources */ = {isa = PBXBuildFile; fileRef = 507A3E921E977A0F00D0C3FD /* DragViewContainer.swift */; };
		507A3E951E97E71B00D0C3FD /* FatSidebarItemConfiguration.swift in Sources */ = {isa = PBXBuildFile; fileRef = 507A3E941E97E71B00D0C3FD /* FatSidebarItemConfiguration.swift */; };
		507A3E971E97EEC200D0C3FD /* SavedSearch.swift in Sources */ = {isa = PBXBuildFile; fileRef = 507A3E961E97EEC200D0C3FD /* SavedSearch.swift */; };
		507A3E9B1E97EF0000D0C3FD /* NSImage+Tinted.swift in Sources */ = {isa = PBXBuildFile; fileRef = 507A3E9A1E97EF0000D0C3FD /* NSImage+Tinted.swift */; };
		507CF3711E8797D000623B5E /* FatSidebar.framework in Frameworks */ = {isa = PBXBuildFile; fileRef = 507CF3671E8797D000623B5E /* FatSidebar.framework */; };
		507CF3781E8797D000623B5E /* FatSidebar.h in Headers */ = {isa = PBXBuildFile; fileRef = 507CF36A1E8797D000623B5E /* FatSidebar.h */; settings = {ATTRIBUTES = (Public, ); }; };
		507CF3881E8797E000623B5E /* AppDelegate.swift in Sources */ = {isa = PBXBuildFile; fileRef = 507CF3871E8797E000623B5E /* AppDelegate.swift */; };
		507CF38A1E8797E000623B5E /* Assets.xcassets in Resources */ = {isa = PBXBuildFile; fileRef = 507CF3891E8797E000623B5E /* Assets.xcassets */; };
		507CF38D1E8797E000623B5E /* MainMenu.xib in Resources */ = {isa = PBXBuildFile; fileRef = 507CF38B1E8797E000623B5E /* MainMenu.xib */; };
		507CF3931E87982A00623B5E /* FatSidebarView.swift in Sources */ = {isa = PBXBuildFile; fileRef = 507CF3921E87982A00623B5E /* FatSidebarView.swift */; };
		507CF3941E8798AC00623B5E /* FatSidebar.framework in Frameworks */ = {isa = PBXBuildFile; fileRef = 507CF3671E8797D000623B5E /* FatSidebar.framework */; };
		507CF3951E8798AC00623B5E /* FatSidebar.framework in Embed Frameworks */ = {isa = PBXBuildFile; fileRef = 507CF3671E8797D000623B5E /* FatSidebar.framework */; settings = {ATTRIBUTES = (CodeSignOnCopy, RemoveHeadersOnCopy, ); }; };
		507CF39A1E879A0500623B5E /* ItemCreationTests.swift in Sources */ = {isa = PBXBuildFile; fileRef = 507CF3991E879A0500623B5E /* ItemCreationTests.swift */; };
		50A60C821E8CF0E30052849E /* FatSidebarItemOverlay.swift in Sources */ = {isa = PBXBuildFile; fileRef = 50A60C811E8CF0E30052849E /* FatSidebarItemOverlay.swift */; };
		50A60C881E8E7CDE0052849E /* AddItemController.swift in Sources */ = {isa = PBXBuildFile; fileRef = 50A60C871E8E7CDE0052849E /* AddItemController.swift */; };
/* End PBXBuildFile section */

/* Begin PBXContainerItemProxy section */
		507CF3721E8797D000623B5E /* PBXContainerItemProxy */ = {
			isa = PBXContainerItemProxy;
			containerPortal = 507CF35E1E8797D000623B5E /* Project object */;
			proxyType = 1;
			remoteGlobalIDString = 507CF3661E8797D000623B5E;
			remoteInfo = FatSidebar;
		};
		507CF3961E8798AC00623B5E /* PBXContainerItemProxy */ = {
			isa = PBXContainerItemProxy;
			containerPortal = 507CF35E1E8797D000623B5E /* Project object */;
			proxyType = 1;
			remoteGlobalIDString = 507CF3661E8797D000623B5E;
			remoteInfo = FatSidebar;
		};
/* End PBXContainerItemProxy section */

/* Begin PBXCopyFilesBuildPhase section */
		507CF3981E8798AC00623B5E /* Embed Frameworks */ = {
			isa = PBXCopyFilesBuildPhase;
			buildActionMask = 2147483647;
			dstPath = "";
			dstSubfolderSpec = 10;
			files = (
				507CF3951E8798AC00623B5E /* FatSidebar.framework in Embed Frameworks */,
			);
			name = "Embed Frameworks";
			runOnlyForDeploymentPostprocessing = 0;
		};
/* End PBXCopyFilesBuildPhase section */

/* Begin PBXFileReference section */
		506D6C7C1E879AA500C366BF /* FatSidebarItem.swift */ = {isa = PBXFileReference; fileEncoding = 4; lastKnownFileType = sourcecode.swift; path = FatSidebarItem.swift; sourceTree = "<group>"; };
		506D6C7F1E879F9C00C366BF /* Collection+SafeSubscript.swift */ = {isa = PBXFileReference; fileEncoding = 4; lastKnownFileType = sourcecode.swift; path = "Collection+SafeSubscript.swift"; sourceTree = "<group>"; };
		506D6C811E87A03D00C366BF /* ItemRemovalTests.swift */ = {isa = PBXFileReference; fileEncoding = 4; lastKnownFileType = sourcecode.swift; path = ItemRemovalTests.swift; sourceTree = "<group>"; };
		506D6C851E87BA1900C366BF /* Theme.swift */ = {isa = PBXFileReference; fileEncoding = 4; lastKnownFileType = sourcecode.swift; path = Theme.swift; sourceTree = "<group>"; };
		506D6C871E87BF4F00C366BF /* ItemSelectionTests.swift */ = {isa = PBXFileReference; fileEncoding = 4; lastKnownFileType = sourcecode.swift; path = ItemSelectionTests.swift; sourceTree = "<group>"; };
		506D6C891E87C36400C366BF /* NSSize+Quadratic.swift */ = {isa = PBXFileReference; fileEncoding = 4; lastKnownFileType = sourcecode.swift; path = "NSSize+Quadratic.swift"; sourceTree = "<group>"; };
		506D6C8B1E87D64A00C366BF /* StatefulColor.swift */ = {isa = PBXFileReference; fileEncoding = 4; lastKnownFileType = sourcecode.swift; path = StatefulColor.swift; sourceTree = "<group>"; };
		506D6C8D1E87D67400C366BF /* DefaultTheme.swift */ = {isa = PBXFileReference; fileEncoding = 4; lastKnownFileType = sourcecode.swift; path = DefaultTheme.swift; sourceTree = "<group>"; };
		506D6C931E88302500C366BF /* Borders.swift */ = {isa = PBXFileReference; fileEncoding = 4; lastKnownFileType = sourcecode.swift; path = Borders.swift; sourceTree = "<group>"; };
		506D6C951E88332600C366BF /* NSTextField+Label.swift */ = {isa = PBXFileReference; fileEncoding = 4; lastKnownFileType = sourcecode.swift; path = "NSTextField+Label.swift"; sourceTree = "<group>"; };
		506D6C991E8914B200C366BF /* heart.png */ = {isa = PBXFileReference; lastKnownFileType = image.png; name = heart.png; path = iconic_icons/heart.png; sourceTree = "<group>"; };
		506D6C9A1E8914B200C366BF /* inbox.png */ = {isa = PBXFileReference; lastKnownFileType = image.png; name = inbox.png; path = iconic_icons/inbox.png; sourceTree = "<group>"; };
		506D6C9B1E8914B200C366BF /* layers.png */ = {isa = PBXFileReference; lastKnownFileType = image.png; name = layers.png; path = iconic_icons/layers.png; sourceTree = "<group>"; };
		506D6C9C1E8914B200C366BF /* lightbulb.png */ = {isa = PBXFileReference; lastKnownFileType = image.png; name = lightbulb.png; path = iconic_icons/lightbulb.png; sourceTree = "<group>"; };
		506D6CA21E89311D00C366BF /* LICENSE.md */ = {isa = PBXFileReference; lastKnownFileType = net.daringfireball.markdown; name = LICENSE.md; path = iconic_icons/LICENSE.md; sourceTree = "<group>"; };
		506D6CA31E8931F600C366BF /* Theme.swift */ = {isa = PBXFileReference; fileEncoding = 4; lastKnownFileType = sourcecode.swift; path = Theme.swift; sourceTree = "<group>"; };
		506D6CA51E894F8400C366BF /* FatSidebar.swift */ = {isa = PBXFileReference; fileEncoding = 4; lastKnownFileType = sourcecode.swift; path = FatSidebar.swift; sourceTree = "<group>"; };
		506D6CA71E8951E300C366BF /* NSView+ConstrainToSuperviewBounds.swift */ = {isa = PBXFileReference; fileEncoding = 4; lastKnownFileType = sourcecode.swift; path = "NSView+ConstrainToSuperviewBounds.swift"; sourceTree = "<group>"; };
		507A3E8C1E9779CB00D0C3FD /* DraggingView.swift */ = {isa = PBXFileReference; fileEncoding = 4; lastKnownFileType = sourcecode.swift; path = DraggingView.swift; sourceTree = "<group>"; };
		507A3E8E1E9779E600D0C3FD /* NSView+ImageRepresentation.swift */ = {isa = PBXFileReference; fileEncoding = 4; lastKnownFileType = sourcecode.swift; path = "NSView+ImageRepresentation.swift"; sourceTree = "<group>"; };
		507A3E901E9779FB00D0C3FD /* Array+Move.swift */ = {isa = PBXFileReference; fileEncoding = 4; lastKnownFileType = sourcecode.swift; path = "Array+Move.swift"; sourceTree = "<group>"; };
		507A3E921E977A0F00D0C3FD /* DragViewContainer.swift */ = {isa = PBXFileReference; fileEncoding = 4; lastKnownFileType = sourcecode.swift; path = DragViewContainer.swift; sourceTree = "<group>"; };
		507A3E941E97E71B00D0C3FD /* FatSidebarItemConfiguration.swift */ = {isa = PBXFileReference; fileEncoding = 4; lastKnownFileType = sourcecode.swift; path = FatSidebarItemConfiguration.swift; sourceTree = "<group>"; };
		507A3E961E97EEC200D0C3FD /* SavedSearch.swift */ = {isa = PBXFileReference; fileEncoding = 4; lastKnownFileType = sourcecode.swift; path = SavedSearch.swift; sourceTree = "<group>"; };
		507A3E9A1E97EF0000D0C3FD /* NSImage+Tinted.swift */ = {isa = PBXFileReference; fileEncoding = 4; lastKnownFileType = sourcecode.swift; path = "NSImage+Tinted.swift"; sourceTree = "<group>"; };
		507CF3671E8797D000623B5E /* FatSidebar.framework */ = {isa = PBXFileReference; explicitFileType = wrapper.framework; includeInIndex = 0; path = FatSidebar.framework; sourceTree = BUILT_PRODUCTS_DIR; };
		507CF36A1E8797D000623B5E /* FatSidebar.h */ = {isa = PBXFileReference; lastKnownFileType = sourcecode.c.h; path = FatSidebar.h; sourceTree = "<group>"; };
		507CF36B1E8797D000623B5E /* Info.plist */ = {isa = PBXFileReference; lastKnownFileType = text.plist.xml; path = Info.plist; sourceTree = "<group>"; };
		507CF3701E8797D000623B5E /* FatSidebarTests.xctest */ = {isa = PBXFileReference; explicitFileType = wrapper.cfbundle; includeInIndex = 0; path = FatSidebarTests.xctest; sourceTree = BUILT_PRODUCTS_DIR; };
		507CF3771E8797D000623B5E /* Info.plist */ = {isa = PBXFileReference; lastKnownFileType = text.plist.xml; path = Info.plist; sourceTree = "<group>"; };
		507CF3851E8797E000623B5E /* Example.app */ = {isa = PBXFileReference; explicitFileType = wrapper.application; includeInIndex = 0; path = Example.app; sourceTree = BUILT_PRODUCTS_DIR; };
		507CF3871E8797E000623B5E /* AppDelegate.swift */ = {isa = PBXFileReference; lastKnownFileType = sourcecode.swift; path = AppDelegate.swift; sourceTree = "<group>"; };
		507CF3891E8797E000623B5E /* Assets.xcassets */ = {isa = PBXFileReference; lastKnownFileType = folder.assetcatalog; path = Assets.xcassets; sourceTree = "<group>"; };
		507CF38C1E8797E000623B5E /* Base */ = {isa = PBXFileReference; lastKnownFileType = file.xib; name = Base; path = Base.lproj/MainMenu.xib; sourceTree = "<group>"; };
		507CF38E1E8797E000623B5E /* Info.plist */ = {isa = PBXFileReference; lastKnownFileType = text.plist.xml; path = Info.plist; sourceTree = "<group>"; };
		507CF3921E87982A00623B5E /* FatSidebarView.swift */ = {isa = PBXFileReference; fileEncoding = 4; lastKnownFileType = sourcecode.swift; path = FatSidebarView.swift; sourceTree = "<group>"; };
		507CF3991E879A0500623B5E /* ItemCreationTests.swift */ = {isa = PBXFileReference; fileEncoding = 4; lastKnownFileType = sourcecode.swift; path = ItemCreationTests.swift; sourceTree = "<group>"; };
		50A60C811E8CF0E30052849E /* FatSidebarItemOverlay.swift */ = {isa = PBXFileReference; fileEncoding = 4; lastKnownFileType = sourcecode.swift; path = FatSidebarItemOverlay.swift; sourceTree = "<group>"; };
		50A60C871E8E7CDE0052849E /* AddItemController.swift */ = {isa = PBXFileReference; fileEncoding = 4; lastKnownFileType = sourcecode.swift; path = AddItemController.swift; sourceTree = "<group>"; };
/* End PBXFileReference section */

/* Begin PBXFrameworksBuildPhase section */
		507CF3631E8797D000623B5E /* Frameworks */ = {
			isa = PBXFrameworksBuildPhase;
			buildActionMask = 2147483647;
			files = (
			);
			runOnlyForDeploymentPostprocessing = 0;
		};
		507CF36D1E8797D000623B5E /* Frameworks */ = {
			isa = PBXFrameworksBuildPhase;
			buildActionMask = 2147483647;
			files = (
				507CF3711E8797D000623B5E /* FatSidebar.framework in Frameworks */,
			);
			runOnlyForDeploymentPostprocessing = 0;
		};
		507CF3821E8797E000623B5E /* Frameworks */ = {
			isa = PBXFrameworksBuildPhase;
			buildActionMask = 2147483647;
			files = (
				507CF3941E8798AC00623B5E /* FatSidebar.framework in Frameworks */,
			);
			runOnlyForDeploymentPostprocessing = 0;
		};
/* End PBXFrameworksBuildPhase section */

/* Begin PBXGroup section */
		506D6C921E88301C00C366BF /* Theming */ = {
			isa = PBXGroup;
			children = (
				506D6C851E87BA1900C366BF /* Theme.swift */,
				506D6C8D1E87D67400C366BF /* DefaultTheme.swift */,
				506D6C8B1E87D64A00C366BF /* StatefulColor.swift */,
				506D6C931E88302500C366BF /* Borders.swift */,
			);
			name = Theming;
			sourceTree = "<group>";
		};
		506D6CA11E8914BE00C366BF /* icons */ = {
			isa = PBXGroup;
			children = (
				506D6CA21E89311D00C366BF /* LICENSE.md */,
				506D6C991E8914B200C366BF /* heart.png */,
				506D6C9A1E8914B200C366BF /* inbox.png */,
				506D6C9B1E8914B200C366BF /* layers.png */,
				506D6C9C1E8914B200C366BF /* lightbulb.png */,
			);
			name = icons;
			path = ..;
			sourceTree = "<group>";
		};
		507A3E8B1E9779BF00D0C3FD /* Dragging */ = {
			isa = PBXGroup;
			children = (
				507A3E8C1E9779CB00D0C3FD /* DraggingView.swift */,
				507A3E921E977A0F00D0C3FD /* DragViewContainer.swift */,
				507A3E901E9779FB00D0C3FD /* Array+Move.swift */,
				507A3E8E1E9779E600D0C3FD /* NSView+ImageRepresentation.swift */,
			);
			name = Dragging;
			sourceTree = "<group>";
		};
		507A3E981E97EEDA00D0C3FD /* UI */ = {
			isa = PBXGroup;
			children = (
				50A60C871E8E7CDE0052849E /* AddItemController.swift */,
				506D6CA31E8931F600C366BF /* Theme.swift */,
				507CF3891E8797E000623B5E /* Assets.xcassets */,
				507CF38B1E8797E000623B5E /* MainMenu.xib */,
			);
			name = UI;
			sourceTree = "<group>";
		};
		507A3E991E97EEE500D0C3FD /* Model */ = {
			isa = PBXGroup;
			children = (
				507A3E961E97EEC200D0C3FD /* SavedSearch.swift */,
			);
			name = Model;
			sourceTree = "<group>";
		};
		507CF35D1E8797D000623B5E = {
			isa = PBXGroup;
			children = (
				507CF3691E8797D000623B5E /* FatSidebar */,
				507CF3741E8797D000623B5E /* FatSidebarTests */,
				507CF3861E8797E000623B5E /* Example */,
				507CF3681E8797D000623B5E /* Products */,
			);
			sourceTree = "<group>";
		};
		507CF3681E8797D000623B5E /* Products */ = {
			isa = PBXGroup;
			children = (
				507CF3671E8797D000623B5E /* FatSidebar.framework */,
				507CF3701E8797D000623B5E /* FatSidebarTests.xctest */,
				507CF3851E8797E000623B5E /* Example.app */,
			);
			name = Products;
			sourceTree = "<group>";
		};
		507CF3691E8797D000623B5E /* FatSidebar */ = {
			isa = PBXGroup;
			children = (
				507CF36A1E8797D000623B5E /* FatSidebar.h */,
				507CF36B1E8797D000623B5E /* Info.plist */,
				506D6CA51E894F8400C366BF /* FatSidebar.swift */,
				507CF3921E87982A00623B5E /* FatSidebarView.swift */,
				506D6C7C1E879AA500C366BF /* FatSidebarItem.swift */,
				507A3E941E97E71B00D0C3FD /* FatSidebarItemConfiguration.swift */,
				50A60C811E8CF0E30052849E /* FatSidebarItemOverlay.swift */,
				507A3E8B1E9779BF00D0C3FD /* Dragging */,
				506D6C921E88301C00C366BF /* Theming */,
				506D6C7F1E879F9C00C366BF /* Collection+SafeSubscript.swift */,
				506D6C891E87C36400C366BF /* NSSize+Quadratic.swift */,
				506D6C951E88332600C366BF /* NSTextField+Label.swift */,
				506D6CA71E8951E300C366BF /* NSView+ConstrainToSuperviewBounds.swift */,
			);
			path = FatSidebar;
			sourceTree = "<group>";
		};
		507CF3741E8797D000623B5E /* FatSidebarTests */ = {
			isa = PBXGroup;
			children = (
				507CF3771E8797D000623B5E /* Info.plist */,
				507CF3991E879A0500623B5E /* ItemCreationTests.swift */,
				506D6C811E87A03D00C366BF /* ItemRemovalTests.swift */,
				506D6C871E87BF4F00C366BF /* ItemSelectionTests.swift */,
			);
			path = FatSidebarTests;
			sourceTree = "<group>";
		};
		507CF3861E8797E000623B5E /* Example */ = {
			isa = PBXGroup;
			children = (
				507CF3871E8797E000623B5E /* AppDelegate.swift */,
				507A3E991E97EEE500D0C3FD /* Model */,
				507A3E981E97EEDA00D0C3FD /* UI */,
				506D6CA11E8914BE00C366BF /* icons */,
				507CF38E1E8797E000623B5E /* Info.plist */,
				507A3E9A1E97EF0000D0C3FD /* NSImage+Tinted.swift */,
			);
			path = Example;
			sourceTree = "<group>";
		};
/* End PBXGroup section */

/* Begin PBXHeadersBuildPhase section */
		507CF3641E8797D000623B5E /* Headers */ = {
			isa = PBXHeadersBuildPhase;
			buildActionMask = 2147483647;
			files = (
				507CF3781E8797D000623B5E /* FatSidebar.h in Headers */,
			);
			runOnlyForDeploymentPostprocessing = 0;
		};
/* End PBXHeadersBuildPhase section */

/* Begin PBXNativeTarget section */
		507CF3661E8797D000623B5E /* FatSidebar */ = {
			isa = PBXNativeTarget;
			buildConfigurationList = 507CF37B1E8797D000623B5E /* Build configuration list for PBXNativeTarget "FatSidebar" */;
			buildPhases = (
				507CF3621E8797D000623B5E /* Sources */,
				507CF3631E8797D000623B5E /* Frameworks */,
				507CF3641E8797D000623B5E /* Headers */,
				507CF3651E8797D000623B5E /* Resources */,
			);
			buildRules = (
			);
			dependencies = (
			);
			name = FatSidebar;
			productName = FatSidebar;
			productReference = 507CF3671E8797D000623B5E /* FatSidebar.framework */;
			productType = "com.apple.product-type.framework";
		};
		507CF36F1E8797D000623B5E /* FatSidebarTests */ = {
			isa = PBXNativeTarget;
			buildConfigurationList = 507CF37E1E8797D000623B5E /* Build configuration list for PBXNativeTarget "FatSidebarTests" */;
			buildPhases = (
				507CF36C1E8797D000623B5E /* Sources */,
				507CF36D1E8797D000623B5E /* Frameworks */,
				507CF36E1E8797D000623B5E /* Resources */,
			);
			buildRules = (
			);
			dependencies = (
				507CF3731E8797D000623B5E /* PBXTargetDependency */,
			);
			name = FatSidebarTests;
			productName = FatSidebarTests;
			productReference = 507CF3701E8797D000623B5E /* FatSidebarTests.xctest */;
			productType = "com.apple.product-type.bundle.unit-test";
		};
		507CF3841E8797E000623B5E /* Example */ = {
			isa = PBXNativeTarget;
			buildConfigurationList = 507CF38F1E8797E000623B5E /* Build configuration list for PBXNativeTarget "Example" */;
			buildPhases = (
				507CF3811E8797E000623B5E /* Sources */,
				507CF3821E8797E000623B5E /* Frameworks */,
				507CF3831E8797E000623B5E /* Resources */,
				507CF3981E8798AC00623B5E /* Embed Frameworks */,
			);
			buildRules = (
			);
			dependencies = (
				507CF3971E8798AC00623B5E /* PBXTargetDependency */,
			);
			name = Example;
			productName = Example;
			productReference = 507CF3851E8797E000623B5E /* Example.app */;
			productType = "com.apple.product-type.application";
		};
/* End PBXNativeTarget section */

/* Begin PBXProject section */
		507CF35E1E8797D000623B5E /* Project object */ = {
			isa = PBXProject;
			attributes = {
				LastSwiftUpdateCheck = 0820;
				LastUpgradeCheck = 0820;
				ORGANIZATIONNAME = "Christian Tietze";
				TargetAttributes = {
					507CF3661E8797D000623B5E = {
						CreatedOnToolsVersion = 8.2.1;
						DevelopmentTeam = FRMDA3XRGC;
						LastSwiftMigration = 0820;
						ProvisioningStyle = Automatic;
					};
					507CF36F1E8797D000623B5E = {
						CreatedOnToolsVersion = 8.2.1;
						DevelopmentTeam = FRMDA3XRGC;
						LastSwiftMigration = 0820;
						ProvisioningStyle = Automatic;
					};
					507CF3841E8797E000623B5E = {
						CreatedOnToolsVersion = 8.2.1;
						DevelopmentTeam = FRMDA3XRGC;
						ProvisioningStyle = Automatic;
					};
				};
			};
			buildConfigurationList = 507CF3611E8797D000623B5E /* Build configuration list for PBXProject "FatSidebar" */;
			compatibilityVersion = "Xcode 3.2";
			developmentRegion = English;
			hasScannedForEncodings = 0;
			knownRegions = (
				en,
				Base,
			);
			mainGroup = 507CF35D1E8797D000623B5E;
			productRefGroup = 507CF3681E8797D000623B5E /* Products */;
			projectDirPath = "";
			projectRoot = "";
			targets = (
				507CF3661E8797D000623B5E /* FatSidebar */,
				507CF36F1E8797D000623B5E /* FatSidebarTests */,
				507CF3841E8797E000623B5E /* Example */,
			);
		};
/* End PBXProject section */

/* Begin PBXResourcesBuildPhase section */
		507CF3651E8797D000623B5E /* Resources */ = {
			isa = PBXResourcesBuildPhase;
			buildActionMask = 2147483647;
			files = (
			);
			runOnlyForDeploymentPostprocessing = 0;
		};
		507CF36E1E8797D000623B5E /* Resources */ = {
			isa = PBXResourcesBuildPhase;
			buildActionMask = 2147483647;
			files = (
			);
			runOnlyForDeploymentPostprocessing = 0;
		};
		507CF3831E8797E000623B5E /* Resources */ = {
			isa = PBXResourcesBuildPhase;
			buildActionMask = 2147483647;
			files = (
				507CF38A1E8797E000623B5E /* Assets.xcassets in Resources */,
				507CF38D1E8797E000623B5E /* MainMenu.xib in Resources */,
				506D6C9D1E8914B200C366BF /* heart.png in Resources */,
				506D6C9E1E8914B200C366BF /* inbox.png in Resources */,
				506D6C9F1E8914B200C366BF /* layers.png in Resources */,
				506D6CA01E8914B200C366BF /* lightbulb.png in Resources */,
			);
			runOnlyForDeploymentPostprocessing = 0;
		};
/* End PBXResourcesBuildPhase section */

/* Begin PBXSourcesBuildPhase section */
		507CF3621E8797D000623B5E /* Sources */ = {
			isa = PBXSourcesBuildPhase;
			buildActionMask = 2147483647;
			files = (
				50A60C821E8CF0E30052849E /* FatSidebarItemOverlay.swift in Sources */,
				506D6C8E1E87D67400C366BF /* DefaultTheme.swift in Sources */,
				507A3E911E9779FB00D0C3FD /* Array+Move.swift in Sources */,
				506D6C941E88302500C366BF /* Borders.swift in Sources */,
				507A3E951E97E71B00D0C3FD /* FatSidebarItemConfiguration.swift in Sources */,
				507CF3931E87982A00623B5E /* FatSidebarView.swift in Sources */,
				506D6CA81E8951E300C366BF /* NSView+ConstrainToSuperviewBounds.swift in Sources */,
				506D6C8C1E87D64A00C366BF /* StatefulColor.swift in Sources */,
				506D6C961E88332600C366BF /* NSTextField+Label.swift in Sources */,
				506D6C861E87BA1900C366BF /* Theme.swift in Sources */,
				507A3E8D1E9779CB00D0C3FD /* DraggingView.swift in Sources */,
				506D6CA61E894F8400C366BF /* FatSidebar.swift in Sources */,
				506D6C8A1E87C36400C366BF /* NSSize+Quadratic.swift in Sources */,
				506D6C801E879F9C00C366BF /* Collection+SafeSubscript.swift in Sources */,
				507A3E8F1E9779E600D0C3FD /* NSView+ImageRepresentation.swift in Sources */,
				507A3E931E977A0F00D0C3FD /* DragViewContainer.swift in Sources */,
				506D6C7D1E879AA500C366BF /* FatSidebarItem.swift in Sources */,
			);
			runOnlyForDeploymentPostprocessing = 0;
		};
		507CF36C1E8797D000623B5E /* Sources */ = {
			isa = PBXSourcesBuildPhase;
			buildActionMask = 2147483647;
			files = (
				507CF39A1E879A0500623B5E /* ItemCreationTests.swift in Sources */,
				506D6C821E87A03D00C366BF /* ItemRemovalTests.swift in Sources */,
				506D6C881E87BF4F00C366BF /* ItemSelectionTests.swift in Sources */,
			);
			runOnlyForDeploymentPostprocessing = 0;
		};
		507CF3811E8797E000623B5E /* Sources */ = {
			isa = PBXSourcesBuildPhase;
			buildActionMask = 2147483647;
			files = (
				507A3E9B1E97EF0000D0C3FD /* NSImage+Tinted.swift in Sources */,
				50A60C881E8E7CDE0052849E /* AddItemController.swift in Sources */,
				507A3E971E97EEC200D0C3FD /* SavedSearch.swift in Sources */,
				507CF3881E8797E000623B5E /* AppDelegate.swift in Sources */,
				506D6CA41E8931F600C366BF /* Theme.swift in Sources */,
			);
			runOnlyForDeploymentPostprocessing = 0;
		};
/* End PBXSourcesBuildPhase section */

/* Begin PBXTargetDependency section */
		507CF3731E8797D000623B5E /* PBXTargetDependency */ = {
			isa = PBXTargetDependency;
			target = 507CF3661E8797D000623B5E /* FatSidebar */;
			targetProxy = 507CF3721E8797D000623B5E /* PBXContainerItemProxy */;
		};
		507CF3971E8798AC00623B5E /* PBXTargetDependency */ = {
			isa = PBXTargetDependency;
			target = 507CF3661E8797D000623B5E /* FatSidebar */;
			targetProxy = 507CF3961E8798AC00623B5E /* PBXContainerItemProxy */;
		};
/* End PBXTargetDependency section */

/* Begin PBXVariantGroup section */
		507CF38B1E8797E000623B5E /* MainMenu.xib */ = {
			isa = PBXVariantGroup;
			children = (
				507CF38C1E8797E000623B5E /* Base */,
			);
			name = MainMenu.xib;
			sourceTree = "<group>";
		};
/* End PBXVariantGroup section */

/* Begin XCBuildConfiguration section */
		507CF3791E8797D000623B5E /* Debug */ = {
			isa = XCBuildConfiguration;
			buildSettings = {
				ALWAYS_SEARCH_USER_PATHS = NO;
				CLANG_ANALYZER_NONNULL = YES;
				CLANG_CXX_LANGUAGE_STANDARD = "gnu++0x";
				CLANG_CXX_LIBRARY = "libc++";
				CLANG_ENABLE_MODULES = YES;
				CLANG_ENABLE_OBJC_ARC = YES;
				CLANG_WARN_BOOL_CONVERSION = YES;
				CLANG_WARN_CONSTANT_CONVERSION = YES;
				CLANG_WARN_DIRECT_OBJC_ISA_USAGE = YES_ERROR;
				CLANG_WARN_DOCUMENTATION_COMMENTS = YES;
				CLANG_WARN_EMPTY_BODY = YES;
				CLANG_WARN_ENUM_CONVERSION = YES;
				CLANG_WARN_INFINITE_RECURSION = YES;
				CLANG_WARN_INT_CONVERSION = YES;
				CLANG_WARN_OBJC_ROOT_CLASS = YES_ERROR;
				CLANG_WARN_SUSPICIOUS_MOVE = YES;
				CLANG_WARN_UNREACHABLE_CODE = YES;
				CLANG_WARN__DUPLICATE_METHOD_MATCH = YES;
				CODE_SIGN_IDENTITY = "-";
				COPY_PHASE_STRIP = NO;
				CURRENT_PROJECT_VERSION = 1;
				DEBUG_INFORMATION_FORMAT = dwarf;
				ENABLE_STRICT_OBJC_MSGSEND = YES;
				ENABLE_TESTABILITY = YES;
				GCC_C_LANGUAGE_STANDARD = gnu99;
				GCC_DYNAMIC_NO_PIC = NO;
				GCC_NO_COMMON_BLOCKS = YES;
				GCC_OPTIMIZATION_LEVEL = 0;
				GCC_PREPROCESSOR_DEFINITIONS = (
					"DEBUG=1",
					"$(inherited)",
				);
				GCC_WARN_64_TO_32_BIT_CONVERSION = YES;
				GCC_WARN_ABOUT_RETURN_TYPE = YES_ERROR;
				GCC_WARN_UNDECLARED_SELECTOR = YES;
				GCC_WARN_UNINITIALIZED_AUTOS = YES_AGGRESSIVE;
				GCC_WARN_UNUSED_FUNCTION = YES;
				GCC_WARN_UNUSED_VARIABLE = YES;
				MACOSX_DEPLOYMENT_TARGET = 10.11;
				MTL_ENABLE_DEBUG_INFO = YES;
				ONLY_ACTIVE_ARCH = YES;
				SDKROOT = macosx;
				SWIFT_ACTIVE_COMPILATION_CONDITIONS = DEBUG;
				SWIFT_OPTIMIZATION_LEVEL = "-Onone";
				VERSIONING_SYSTEM = "apple-generic";
				VERSION_INFO_PREFIX = "";
			};
			name = Debug;
		};
		507CF37A1E8797D000623B5E /* Release */ = {
			isa = XCBuildConfiguration;
			buildSettings = {
				ALWAYS_SEARCH_USER_PATHS = NO;
				CLANG_ANALYZER_NONNULL = YES;
				CLANG_CXX_LANGUAGE_STANDARD = "gnu++0x";
				CLANG_CXX_LIBRARY = "libc++";
				CLANG_ENABLE_MODULES = YES;
				CLANG_ENABLE_OBJC_ARC = YES;
				CLANG_WARN_BOOL_CONVERSION = YES;
				CLANG_WARN_CONSTANT_CONVERSION = YES;
				CLANG_WARN_DIRECT_OBJC_ISA_USAGE = YES_ERROR;
				CLANG_WARN_DOCUMENTATION_COMMENTS = YES;
				CLANG_WARN_EMPTY_BODY = YES;
				CLANG_WARN_ENUM_CONVERSION = YES;
				CLANG_WARN_INFINITE_RECURSION = YES;
				CLANG_WARN_INT_CONVERSION = YES;
				CLANG_WARN_OBJC_ROOT_CLASS = YES_ERROR;
				CLANG_WARN_SUSPICIOUS_MOVE = YES;
				CLANG_WARN_UNREACHABLE_CODE = YES;
				CLANG_WARN__DUPLICATE_METHOD_MATCH = YES;
				CODE_SIGN_IDENTITY = "-";
				COPY_PHASE_STRIP = NO;
				CURRENT_PROJECT_VERSION = 1;
				DEBUG_INFORMATION_FORMAT = "dwarf-with-dsym";
				ENABLE_NS_ASSERTIONS = NO;
				ENABLE_STRICT_OBJC_MSGSEND = YES;
				GCC_C_LANGUAGE_STANDARD = gnu99;
				GCC_NO_COMMON_BLOCKS = YES;
				GCC_WARN_64_TO_32_BIT_CONVERSION = YES;
				GCC_WARN_ABOUT_RETURN_TYPE = YES_ERROR;
				GCC_WARN_UNDECLARED_SELECTOR = YES;
				GCC_WARN_UNINITIALIZED_AUTOS = YES_AGGRESSIVE;
				GCC_WARN_UNUSED_FUNCTION = YES;
				GCC_WARN_UNUSED_VARIABLE = YES;
				MACOSX_DEPLOYMENT_TARGET = 10.11;
				MTL_ENABLE_DEBUG_INFO = NO;
				SDKROOT = macosx;
				SWIFT_OPTIMIZATION_LEVEL = "-Owholemodule";
				VERSIONING_SYSTEM = "apple-generic";
				VERSION_INFO_PREFIX = "";
			};
			name = Release;
		};
		507CF37C1E8797D000623B5E /* Debug */ = {
			isa = XCBuildConfiguration;
			buildSettings = {
				CLANG_ENABLE_MODULES = YES;
				CODE_SIGN_IDENTITY = "";
				COMBINE_HIDPI_IMAGES = YES;
				DEFINES_MODULE = YES;
				DEVELOPMENT_TEAM = FRMDA3XRGC;
				DYLIB_COMPATIBILITY_VERSION = 1;
				DYLIB_CURRENT_VERSION = 1;
				DYLIB_INSTALL_NAME_BASE = "@rpath";
				FRAMEWORK_VERSION = A;
				INFOPLIST_FILE = FatSidebar/Info.plist;
				INSTALL_PATH = "$(LOCAL_LIBRARY_DIR)/Frameworks";
				LD_RUNPATH_SEARCH_PATHS = "$(inherited) @executable_path/../Frameworks @loader_path/Frameworks";
				PRODUCT_BUNDLE_IDENTIFIER = de.christiantietze.FatSidebar;
				PRODUCT_NAME = "$(TARGET_NAME)";
				SKIP_INSTALL = YES;
				SWIFT_OPTIMIZATION_LEVEL = "-Onone";
				SWIFT_VERSION = 3.0;
			};
			name = Debug;
		};
		507CF37D1E8797D000623B5E /* Release */ = {
			isa = XCBuildConfiguration;
			buildSettings = {
				CLANG_ENABLE_MODULES = YES;
				CODE_SIGN_IDENTITY = "";
				COMBINE_HIDPI_IMAGES = YES;
				DEFINES_MODULE = YES;
				DEVELOPMENT_TEAM = FRMDA3XRGC;
				DYLIB_COMPATIBILITY_VERSION = 1;
				DYLIB_CURRENT_VERSION = 1;
				DYLIB_INSTALL_NAME_BASE = "@rpath";
				FRAMEWORK_VERSION = A;
				INFOPLIST_FILE = FatSidebar/Info.plist;
				INSTALL_PATH = "$(LOCAL_LIBRARY_DIR)/Frameworks";
				LD_RUNPATH_SEARCH_PATHS = "$(inherited) @executable_path/../Frameworks @loader_path/Frameworks";
				PRODUCT_BUNDLE_IDENTIFIER = de.christiantietze.FatSidebar;
				PRODUCT_NAME = "$(TARGET_NAME)";
				SKIP_INSTALL = YES;
				SWIFT_VERSION = 3.0;
			};
			name = Release;
		};
		507CF37F1E8797D000623B5E /* Debug */ = {
			isa = XCBuildConfiguration;
			buildSettings = {
				ALWAYS_EMBED_SWIFT_STANDARD_LIBRARIES = YES;
				CLANG_ENABLE_MODULES = YES;
				COMBINE_HIDPI_IMAGES = YES;
				DEVELOPMENT_TEAM = FRMDA3XRGC;
				INFOPLIST_FILE = FatSidebarTests/Info.plist;
				LD_RUNPATH_SEARCH_PATHS = "$(inherited) @executable_path/../Frameworks @loader_path/../Frameworks";
				PRODUCT_BUNDLE_IDENTIFIER = de.christiantietze.FatSidebarTests;
				PRODUCT_NAME = "$(TARGET_NAME)";
				SWIFT_OPTIMIZATION_LEVEL = "-Onone";
				SWIFT_VERSION = 3.0;
			};
			name = Debug;
		};
		507CF3801E8797D000623B5E /* Release */ = {
			isa = XCBuildConfiguration;
			buildSettings = {
				ALWAYS_EMBED_SWIFT_STANDARD_LIBRARIES = YES;
				CLANG_ENABLE_MODULES = YES;
				COMBINE_HIDPI_IMAGES = YES;
				DEVELOPMENT_TEAM = FRMDA3XRGC;
				INFOPLIST_FILE = FatSidebarTests/Info.plist;
				LD_RUNPATH_SEARCH_PATHS = "$(inherited) @executable_path/../Frameworks @loader_path/../Frameworks";
				PRODUCT_BUNDLE_IDENTIFIER = de.christiantietze.FatSidebarTests;
				PRODUCT_NAME = "$(TARGET_NAME)";
				SWIFT_VERSION = 3.0;
			};
			name = Release;
		};
		507CF3901E8797E000623B5E /* Debug */ = {
			isa = XCBuildConfiguration;
			buildSettings = {
				ALWAYS_EMBED_SWIFT_STANDARD_LIBRARIES = YES;
				ASSETCATALOG_COMPILER_APPICON_NAME = AppIcon;
				COMBINE_HIDPI_IMAGES = YES;
				DEVELOPMENT_TEAM = FRMDA3XRGC;
				INFOPLIST_FILE = Example/Info.plist;
				LD_RUNPATH_SEARCH_PATHS = "$(inherited) @executable_path/../Frameworks";
				PRODUCT_BUNDLE_IDENTIFIER = de.christiantietze.Example;
				PRODUCT_NAME = "$(TARGET_NAME)";
				SWIFT_VERSION = 3.0;
			};
			name = Debug;
		};
		507CF3911E8797E000623B5E /* Release */ = {
			isa = XCBuildConfiguration;
			buildSettings = {
				ALWAYS_EMBED_SWIFT_STANDARD_LIBRARIES = YES;
				ASSETCATALOG_COMPILER_APPICON_NAME = AppIcon;
				COMBINE_HIDPI_IMAGES = YES;
				DEVELOPMENT_TEAM = FRMDA3XRGC;
				INFOPLIST_FILE = Example/Info.plist;
				LD_RUNPATH_SEARCH_PATHS = "$(inherited) @executable_path/../Frameworks";
				PRODUCT_BUNDLE_IDENTIFIER = de.christiantietze.Example;
				PRODUCT_NAME = "$(TARGET_NAME)";
				SWIFT_VERSION = 3.0;
			};
			name = Release;
		};
/* End XCBuildConfiguration section */

/* Begin XCConfigurationList section */
		507CF3611E8797D000623B5E /* Build configuration list for PBXProject "FatSidebar" */ = {
			isa = XCConfigurationList;
			buildConfigurations = (
				507CF3791E8797D000623B5E /* Debug */,
				507CF37A1E8797D000623B5E /* Release */,
			);
			defaultConfigurationIsVisible = 0;
			defaultConfigurationName = Release;
		};
		507CF37B1E8797D000623B5E /* Build configuration list for PBXNativeTarget "FatSidebar" */ = {
			isa = XCConfigurationList;
			buildConfigurations = (
				507CF37C1E8797D000623B5E /* Debug */,
				507CF37D1E8797D000623B5E /* Release */,
			);
			defaultConfigurationIsVisible = 0;
			defaultConfigurationName = Release;
		};
		507CF37E1E8797D000623B5E /* Build configuration list for PBXNativeTarget "FatSidebarTests" */ = {
			isa = XCConfigurationList;
			buildConfigurations = (
				507CF37F1E8797D000623B5E /* Debug */,
				507CF3801E8797D000623B5E /* Release */,
			);
			defaultConfigurationIsVisible = 0;
			defaultConfigurationName = Release;
		};
		507CF38F1E8797E000623B5E /* Build configuration list for PBXNativeTarget "Example" */ = {
			isa = XCConfigurationList;
			buildConfigurations = (
				507CF3901E8797E000623B5E /* Debug */,
				507CF3911E8797E000623B5E /* Release */,
			);
			defaultConfigurationIsVisible = 0;
			defaultConfigurationName = Release;
		};
/* End XCConfigurationList section */
	};
	rootObject = 507CF35E1E8797D000623B5E /* Project object */;
}
